
Microsoft Visual Studio Solution File, Format Version 12.00
Project("{FAE04EC0-301F-11D3-BF4B-00C04F79EFBC}") = "BlobStorageExample", "BlobStorageExample.csproj", "{B8E6AA14-9950-4DBE-90AE-D877F32DB6CB}"
EndProject
Global
	GlobalSection(SolutionConfigurationPlatforms) = preSolution
		Debug|Any CPU = Debug|Any CPU
		Release|Any CPU = Release|Any CPU
	EndGlobalSection
	GlobalSection(ProjectConfigurationPlatforms) = postSolution
		{B8E6AA14-9950-4DBE-90AE-D877F32DB6CB}.Debug|Any CPU.ActiveCfg = Debug|Any CPU
		{B8E6AA14-9950-4DBE-90AE-D877F32DB6CB}.Debug|Any CPU.Build.0 = Debug|Any CPU
		{B8E6AA14-9950-4DBE-90AE-D877F32DB6CB}.Release|Any CPU.ActiveCfg = Release|Any CPU
		{B8E6AA14-9950-4DBE-90AE-D877F32DB6CB}.Release|Any CPU.Build.0 = Release|Any CPU
	EndGlobalSection
EndGlobal
