
Microsoft Visual Studio Solution File, Format Version 12.00
Project("{FAE04EC0-301F-11D3-BF4B-00C04F79EFBC}") = "RealisticDataGenerationWithBogus", "RealisticDataGenerationWithBogus.csproj", "{770BCD67-7192-4EDF-8D75-9D041B1BFE04}"
EndProject
Global
	GlobalSection(SolutionConfigurationPlatforms) = preSolution
		Debug|Any CPU = Debug|Any CPU
		Release|Any CPU = Release|Any CPU
	EndGlobalSection
	GlobalSection(ProjectConfigurationPlatforms) = postSolution
		{770BCD67-7192-4EDF-8D75-9D041B1BFE04}.Debug|Any CPU.ActiveCfg = Debug|Any CPU
		{770BCD67-7192-4EDF-8D75-9D041B1BFE04}.Debug|Any CPU.Build.0 = Debug|Any CPU
		{770BCD67-7192-4EDF-8D75-9D041B1BFE04}.Release|Any CPU.ActiveCfg = Release|Any CPU
		{770BCD67-7192-4EDF-8D75-9D041B1BFE04}.Release|Any CPU.Build.0 = Release|Any CPU
	EndGlobalSection
EndGlobal
