
Microsoft Visual Studio Solution File, Format Version 12.00
Project("{FAE04EC0-301F-11D3-BF4B-00C04F79EFBC}") = "OnceAsyncAlwaysAsync", "OnceAsyncAlwaysAsync\OnceAsyncAlwaysAsync.csproj", "{67334043-AA94-4C0D-B6F5-2E996AFB56C5}"
EndProject
Project("{2150E333-8FDC-42A3-9474-1A3956D46DE8}") = "1", "1", "{C42F683F-9F94-4A38-8F5D-E6B05B832A6C}"
EndProject
Project("{2150E333-8FDC-42A3-9474-1A3956D46DE8}") = "2", "2", "{39F3CC20-01E8-4E3E-BB12-82F3BDDAFB58}"
EndProject
Project("{2150E333-8FDC-42A3-9474-1A3956D46DE8}") = "3", "3", "{313EB253-6878-46C1-A5C2-1C0558107E2B}"
EndProject
Project("{2150E333-8FDC-42A3-9474-1A3956D46DE8}") = "4", "4", "{619CACBA-839C-4CA8-8447-CC6BFE2F94C0}"
EndProject
Project("{2150E333-8FDC-42A3-9474-1A3956D46DE8}") = "5", "5", "{85D42624-1EE4-4E51-BCB6-48105AD5C0F3}"
EndProject
Project("{2150E333-8FDC-42A3-9474-1A3956D46DE8}") = "6", "6", "{FBC83C74-C1B1-42A2-A908-24B8E59CFBAF}"
EndProject
Project("{2150E333-8FDC-42A3-9474-1A3956D46DE8}") = "7", "7", "{05B95B39-CFDD-4740-BBFF-6A6586645E0B}"
EndProject
Project("{2150E333-8FDC-42A3-9474-1A3956D46DE8}") = "8", "8", "{6EFF685C-98B3-4406-AEE3-F3CE22B264CA}"
EndProject
Project("{FAE04EC0-301F-11D3-BF4B-00C04F79EFBC}") = "AsyncVoidIsBad", "AsyncVoidIsBad\AsyncVoidIsBad.csproj", "{5EABBF84-7991-4425-848F-881351077767}"
EndProject
Project("{FAE04EC0-301F-11D3-BF4B-00C04F79EFBC}") = "PreferFromResultOverRunForPrecomputed", "PreferFromResultOverRunForPrecomputed\PreferFromResultOverRunForPrecomputed.csproj", "{0C02E061-4DF5-42E9-B245-DAF067B1948F}"
EndProject
Project("{FAE04EC0-301F-11D3-BF4B-00C04F79EFBC}") = "SyncOverAsyncAndDeadlocks", "SyncOverAsyncAndDeadlocks\SyncOverAsyncAndDeadlocks.csproj", "{69F61EE2-CC4A-47A9-9CD2-4F9F610EA126}"
EndProject
Project("{FAE04EC0-301F-11D3-BF4B-00C04F79EFBC}") = "PreferAwaitOverContinueWith", "PreferAwaitOverContinueWith\PreferAwaitOverContinueWith.csproj", "{D335DB43-3EB8-418C-BBE3-388E117B3D99}"
EndProject
Project("{FAE04EC0-301F-11D3-BF4B-00C04F79EFBC}") = "AlwaysPassCancellationToken", "AlwaysPassCancellationToken\AlwaysPassCancellationToken.csproj", "{C6570958-EB49-44C9-BAFB-9678AA725041}"
EndProject
Project("{FAE04EC0-301F-11D3-BF4B-00C04F79EFBC}") = "PreferAsyncAwaitOverTask", "PreferAsyncAwaitOverTask\PreferAsyncAwaitOverTask.csproj", "{B4588162-790E-40B6-9AA1-C16598D42325}"
EndProject
Project("{FAE04EC0-301F-11D3-BF4B-00C04F79EFBC}") = "AsyncInConstructors", "AsyncInConstructors\AsyncInConstructors.csproj", "{763B615B-FE95-4F1D-A69D-5443F21B8D19}"
EndProject
Global
	GlobalSection(SolutionConfigurationPlatforms) = preSolution
		Debug|Any CPU = Debug|Any CPU
		Release|Any CPU = Release|Any CPU
	EndGlobalSection
	GlobalSection(ProjectConfigurationPlatforms) = postSolution
		{67334043-AA94-4C0D-B6F5-2E996AFB56C5}.Debug|Any CPU.ActiveCfg = Debug|Any CPU
		{67334043-AA94-4C0D-B6F5-2E996AFB56C5}.Debug|Any CPU.Build.0 = Debug|Any CPU
		{67334043-AA94-4C0D-B6F5-2E996AFB56C5}.Release|Any CPU.ActiveCfg = Release|Any CPU
		{67334043-AA94-4C0D-B6F5-2E996AFB56C5}.Release|Any CPU.Build.0 = Release|Any CPU
		{5EABBF84-7991-4425-848F-881351077767}.Debug|Any CPU.ActiveCfg = Debug|Any CPU
		{5EABBF84-7991-4425-848F-881351077767}.Debug|Any CPU.Build.0 = Debug|Any CPU
		{5EABBF84-7991-4425-848F-881351077767}.Release|Any CPU.ActiveCfg = Release|Any CPU
		{5EABBF84-7991-4425-848F-881351077767}.Release|Any CPU.Build.0 = Release|Any CPU
		{0C02E061-4DF5-42E9-B245-DAF067B1948F}.Debug|Any CPU.ActiveCfg = Debug|Any CPU
		{0C02E061-4DF5-42E9-B245-DAF067B1948F}.Debug|Any CPU.Build.0 = Debug|Any CPU
		{0C02E061-4DF5-42E9-B245-DAF067B1948F}.Release|Any CPU.ActiveCfg = Release|Any CPU
		{0C02E061-4DF5-42E9-B245-DAF067B1948F}.Release|Any CPU.Build.0 = Release|Any CPU
		{69F61EE2-CC4A-47A9-9CD2-4F9F610EA126}.Debug|Any CPU.ActiveCfg = Debug|Any CPU
		{69F61EE2-CC4A-47A9-9CD2-4F9F610EA126}.Debug|Any CPU.Build.0 = Debug|Any CPU
		{69F61EE2-CC4A-47A9-9CD2-4F9F610EA126}.Release|Any CPU.ActiveCfg = Release|Any CPU
		{69F61EE2-CC4A-47A9-9CD2-4F9F610EA126}.Release|Any CPU.Build.0 = Release|Any CPU
		{D335DB43-3EB8-418C-BBE3-388E117B3D99}.Debug|Any CPU.ActiveCfg = Debug|Any CPU
		{D335DB43-3EB8-418C-BBE3-388E117B3D99}.Debug|Any CPU.Build.0 = Debug|Any CPU
		{D335DB43-3EB8-418C-BBE3-388E117B3D99}.Release|Any CPU.ActiveCfg = Release|Any CPU
		{D335DB43-3EB8-418C-BBE3-388E117B3D99}.Release|Any CPU.Build.0 = Release|Any CPU
		{C6570958-EB49-44C9-BAFB-9678AA725041}.Debug|Any CPU.ActiveCfg = Debug|Any CPU
		{C6570958-EB49-44C9-BAFB-9678AA725041}.Debug|Any CPU.Build.0 = Debug|Any CPU
		{C6570958-EB49-44C9-BAFB-9678AA725041}.Release|Any CPU.ActiveCfg = Release|Any CPU
		{C6570958-EB49-44C9-BAFB-9678AA725041}.Release|Any CPU.Build.0 = Release|Any CPU
		{B4588162-790E-40B6-9AA1-C16598D42325}.Debug|Any CPU.ActiveCfg = Debug|Any CPU
		{B4588162-790E-40B6-9AA1-C16598D42325}.Debug|Any CPU.Build.0 = Debug|Any CPU
		{B4588162-790E-40B6-9AA1-C16598D42325}.Release|Any CPU.ActiveCfg = Release|Any CPU
		{B4588162-790E-40B6-9AA1-C16598D42325}.Release|Any CPU.Build.0 = Release|Any CPU
		{763B615B-FE95-4F1D-A69D-5443F21B8D19}.Debug|Any CPU.ActiveCfg = Debug|Any CPU
		{763B615B-FE95-4F1D-A69D-5443F21B8D19}.Debug|Any CPU.Build.0 = Debug|Any CPU
		{763B615B-FE95-4F1D-A69D-5443F21B8D19}.Release|Any CPU.ActiveCfg = Release|Any CPU
		{763B615B-FE95-4F1D-A69D-5443F21B8D19}.Release|Any CPU.Build.0 = Release|Any CPU
	EndGlobalSection
	GlobalSection(NestedProjects) = preSolution
		{67334043-AA94-4C0D-B6F5-2E996AFB56C5} = {C42F683F-9F94-4A38-8F5D-E6B05B832A6C}
		{5EABBF84-7991-4425-848F-881351077767} = {39F3CC20-01E8-4E3E-BB12-82F3BDDAFB58}
		{0C02E061-4DF5-42E9-B245-DAF067B1948F} = {313EB253-6878-46C1-A5C2-1C0558107E2B}
		{69F61EE2-CC4A-47A9-9CD2-4F9F610EA126} = {619CACBA-839C-4CA8-8447-CC6BFE2F94C0}
		{D335DB43-3EB8-418C-BBE3-388E117B3D99} = {85D42624-1EE4-4E51-BCB6-48105AD5C0F3}
		{C6570958-EB49-44C9-BAFB-9678AA725041} = {FBC83C74-C1B1-42A2-A908-24B8E59CFBAF}
		{B4588162-790E-40B6-9AA1-C16598D42325} = {05B95B39-CFDD-4740-BBFF-6A6586645E0B}
		{763B615B-FE95-4F1D-A69D-5443F21B8D19} = {6EFF685C-98B3-4406-AEE3-F3CE22B264CA}
	EndGlobalSection
EndGlobal
