
Microsoft Visual Studio Solution File, Format Version 12.00
Project("{FAE04EC0-301F-11D3-BF4B-00C04F79EFBC}") = "FluentAssertionsTutorial", "FluentAssertionsTutorial.csproj", "{DAB91F0E-8034-439C-9EDD-39B59C344E6D}"
EndProject
Global
	GlobalSection(SolutionConfigurationPlatforms) = preSolution
		Debug|Any CPU = Debug|Any CPU
		Release|Any CPU = Release|Any CPU
	EndGlobalSection
	GlobalSection(ProjectConfigurationPlatforms) = postSolution
		{DAB91F0E-8034-439C-9EDD-39B59C344E6D}.Debug|Any CPU.ActiveCfg = Debug|Any CPU
		{DAB91F0E-8034-439C-9EDD-39B59C344E6D}.Debug|Any CPU.Build.0 = Debug|Any CPU
		{DAB91F0E-8034-439C-9EDD-39B59C344E6D}.Release|Any CPU.ActiveCfg = Release|Any CPU
		{DAB91F0E-8034-439C-9EDD-39B59C344E6D}.Release|Any CPU.Build.0 = Release|Any CPU
	EndGlobalSection
EndGlobal
