
Microsoft Visual Studio Solution File, Format Version 12.00
Project("{FAE04EC0-301F-11D3-BF4B-00C04F79EFBC}") = "Microservice.Console", "Microservice.Console\Microservice.Console.csproj", "{59E16F70-8F79-452E-A438-6690DC0FCDD1}"
EndProject
Global
	GlobalSection(SolutionConfigurationPlatforms) = preSolution
		Debug|Any CPU = Debug|Any CPU
		Release|Any CPU = Release|Any CPU
	EndGlobalSection
	GlobalSection(ProjectConfigurationPlatforms) = postSolution
		{59E16F70-8F79-452E-A438-6690DC0FCDD1}.Debug|Any CPU.ActiveCfg = Debug|Any CPU
		{59E16F70-8F79-452E-A438-6690DC0FCDD1}.Debug|Any CPU.Build.0 = Debug|Any CPU
		{59E16F70-8F79-452E-A438-6690DC0FCDD1}.Release|Any CPU.ActiveCfg = Release|Any CPU
		{59E16F70-8F79-452E-A438-6690DC0FCDD1}.Release|Any CPU.Build.0 = Release|Any CPU
	EndGlobalSection
EndGlobal
